
Microsoft Visual Studio Solution File, Format Version 12.00
# Visual Studio 15
VisualStudioVersion = 15.0.27428.2002
MinimumVisualStudioVersion = 10.0.40219.1
Project("{FAE04EC0-301F-11D3-BF4B-00C04F79EFBC}") = "Practica9", "Practica9\Practica9.csproj", "{794D7C94-F90D-4980-AE8B-5DD87ED1DCE4}"
EndProject
Global
	GlobalSection(SolutionConfigurationPlatforms) = preSolution
		Debug|Any CPU = Debug|Any CPU
		Release|Any CPU = Release|Any CPU
	EndGlobalSection
	GlobalSection(ProjectConfigurationPlatforms) = postSolution
		{794D7C94-F90D-4980-AE8B-5DD87ED1DCE4}.Debug|Any CPU.ActiveCfg = Debug|Any CPU
		{794D7C94-F90D-4980-AE8B-5DD87ED1DCE4}.Debug|Any CPU.Build.0 = Debug|Any CPU
		{794D7C94-F90D-4980-AE8B-5DD87ED1DCE4}.Release|Any CPU.ActiveCfg = Release|Any CPU
		{794D7C94-F90D-4980-AE8B-5DD87ED1DCE4}.Release|Any CPU.Build.0 = Release|Any CPU
	EndGlobalSection
	GlobalSection(SolutionProperties) = preSolution
		HideSolutionNode = FALSE
	EndGlobalSection
	GlobalSection(ExtensibilityGlobals) = postSolution
		SolutionGuid = {89F633E8-177B-4246-93E0-AE0602BF51BD}
	EndGlobalSection
EndGlobal
